// !$*UTF8*$!
{
	archiveVersion = 1;
	classes = {
	};
	objectVersion = 52;
	objects = {

/* Begin PBXBuildFile section */
		29864A4DA3B7CA06AB597BEC /* Pods_VIT.framework in Frameworks */ = {isa = PBXBuildFile; fileRef = B63EB9382464865A68B5808C /* Pods_VIT.framework */; };
		300D001324C6FC86005A0DD0 /* ProfileModel.swift in Sources */ = {isa = PBXBuildFile; fileRef = 300D001224C6FC86005A0DD0 /* ProfileModel.swift */; };
		300D001524C6FD21005A0DD0 /* APIError.swift in Sources */ = {isa = PBXBuildFile; fileRef = 300D001424C6FD21005A0DD0 /* APIError.swift */; };
		300D001724C70BF5005A0DD0 /* ProfileViewController.swift in Sources */ = {isa = PBXBuildFile; fileRef = 300D001624C70BF5005A0DD0 /* ProfileViewController.swift */; };
		300D001924C71254005A0DD0 /* TimeTableViewController.swift in Sources */ = {isa = PBXBuildFile; fileRef = 300D001824C71254005A0DD0 /* TimeTableViewController.swift */; };
		300D001B24C714E7005A0DD0 /* ClassTableViewCell.swift in Sources */ = {isa = PBXBuildFile; fileRef = 300D001A24C714E7005A0DD0 /* ClassTableViewCell.swift */; };
		300D001D24C71556005A0DD0 /* TimeTableModel.swift in Sources */ = {isa = PBXBuildFile; fileRef = 300D001C24C71556005A0DD0 /* TimeTableModel.swift */; };
		300D001F24C78BA6005A0DD0 /* StartingViewController.swift in Sources */ = {isa = PBXBuildFile; fileRef = 300D001E24C78BA5005A0DD0 /* StartingViewController.swift */; };
		300D002124C78F83005A0DD0 /* UIStoryboard+Extensions.swift in Sources */ = {isa = PBXBuildFile; fileRef = 300D002024C78F83005A0DD0 /* UIStoryboard+Extensions.swift */; };
		300D002324C79448005A0DD0 /* TabBarController.swift in Sources */ = {isa = PBXBuildFile; fileRef = 300D002224C79448005A0DD0 /* TabBarController.swift */; };
		300D002524C79843005A0DD0 /* MarksModel.swift in Sources */ = {isa = PBXBuildFile; fileRef = 300D002424C79843005A0DD0 /* MarksModel.swift */; };
		300D002724C7998F005A0DD0 /* MarksViewController.swift in Sources */ = {isa = PBXBuildFile; fileRef = 300D002624C7998F005A0DD0 /* MarksViewController.swift */; };
		300D002924C79AA0005A0DD0 /* MarksTableViewCell.swift in Sources */ = {isa = PBXBuildFile; fileRef = 300D002824C79AA0005A0DD0 /* MarksTableViewCell.swift */; };
		30139C5924F6482400982B2E /* GradeMarksTableViewCell.swift in Sources */ = {isa = PBXBuildFile; fileRef = 30139C5824F6482400982B2E /* GradeMarksTableViewCell.swift */; };
		301602D024CC48AD0023FED1 /* StatusViewController.swift in Sources */ = {isa = PBXBuildFile; fileRef = 301602CF24CC48AD0023FED1 /* StatusViewController.swift */; };
		301602D424CC4D950023FED1 /* GoogleService-Info.plist in Resources */ = {isa = PBXBuildFile; fileRef = 301602D324CC4D950023FED1 /* GoogleService-Info.plist */; };
		302FB6DF24F24C4800B12E87 /* Toast.swift in Sources */ = {isa = PBXBuildFile; fileRef = 302FB6DE24F24C4800B12E87 /* Toast.swift */; };
		302FB6E124F24C5900B12E87 /* Toast.xib in Resources */ = {isa = PBXBuildFile; fileRef = 302FB6E024F24C5900B12E87 /* Toast.xib */; };
		302FB6E324F250F600B12E87 /* Notifications.swift in Sources */ = {isa = PBXBuildFile; fileRef = 302FB6E224F250F600B12E87 /* Notifications.swift */; };
		304D410924CCE14900A6626F /* UIViewController+Extensions.swift in Sources */ = {isa = PBXBuildFile; fileRef = 304D410824CCE14900A6626F /* UIViewController+Extensions.swift */; };
		305EB7A924F514CD00C32474 /* GradeTableViewCell.swift in Sources */ = {isa = PBXBuildFile; fileRef = 305EB7A824F514CD00C32474 /* GradeTableViewCell.swift */; };
		305EB7AB24F5152300C32474 /* DATableViewCell.swift in Sources */ = {isa = PBXBuildFile; fileRef = 305EB7AA24F5152300C32474 /* DATableViewCell.swift */; };
		305EB7AD24F5158300C32474 /* DATableViewController.swift in Sources */ = {isa = PBXBuildFile; fileRef = 305EB7AC24F5158300C32474 /* DATableViewController.swift */; };
		305EB7AF24F515EA00C32474 /* GradesTableViewController.swift in Sources */ = {isa = PBXBuildFile; fileRef = 305EB7AE24F515EA00C32474 /* GradesTableViewController.swift */; };
		305EB7B124F51C2100C32474 /* DAModel.swift in Sources */ = {isa = PBXBuildFile; fileRef = 305EB7B024F51C2100C32474 /* DAModel.swift */; };
		305EB7B324F544AC00C32474 /* GradesModel.swift in Sources */ = {isa = PBXBuildFile; fileRef = 305EB7B224F544AC00C32474 /* GradesModel.swift */; };
		305EB7B524F6406800C32474 /* GradeDetailTableViewController.swift in Sources */ = {isa = PBXBuildFile; fileRef = 305EB7B424F6406800C32474 /* GradeDetailTableViewController.swift */; };
		3064872624CE215F006001CD /* MarksDetailViewController.swift in Sources */ = {isa = PBXBuildFile; fileRef = 3064872524CE215F006001CD /* MarksDetailViewController.swift */; };
		307F03B224CCCD8D008EE044 /* OTPViewController.swift in Sources */ = {isa = PBXBuildFile; fileRef = 307F03B124CCCD8D008EE044 /* OTPViewController.swift */; };
		30840E2124C6FBA200B172BB /* AppDelegate.swift in Sources */ = {isa = PBXBuildFile; fileRef = 30840E2024C6FBA200B172BB /* AppDelegate.swift */; };
		30840E2324C6FBA200B172BB /* SceneDelegate.swift in Sources */ = {isa = PBXBuildFile; fileRef = 30840E2224C6FBA200B172BB /* SceneDelegate.swift */; };
		30840E2824C6FBA200B172BB /* Main.storyboard in Resources */ = {isa = PBXBuildFile; fileRef = 30840E2624C6FBA200B172BB /* Main.storyboard */; };
		30840E2A24C6FBA400B172BB /* Assets.xcassets in Resources */ = {isa = PBXBuildFile; fileRef = 30840E2924C6FBA400B172BB /* Assets.xcassets */; };
		30840E2D24C6FBA400B172BB /* LaunchScreen.storyboard in Resources */ = {isa = PBXBuildFile; fileRef = 30840E2B24C6FBA400B172BB /* LaunchScreen.storyboard */; };
		30840E3524C6FBC100B172BB /* APIHandler.swift in Sources */ = {isa = PBXBuildFile; fileRef = 30840E3424C6FBC100B172BB /* APIHandler.swift */; };
		30A15FD624F108F100CDBCB7 /* AttendanceTableViewController.swift in Sources */ = {isa = PBXBuildFile; fileRef = 30A15FD524F108F100CDBCB7 /* AttendanceTableViewController.swift */; };
		30A15FD824F1091D00CDBCB7 /* AttendanceTableViewCell.swift in Sources */ = {isa = PBXBuildFile; fileRef = 30A15FD724F1091D00CDBCB7 /* AttendanceTableViewCell.swift */; };
		30AE646424C981D60076B1CA /* SPAlert in Frameworks */ = {isa = PBXBuildFile; productRef = 30AE646324C981D60076B1CA /* SPAlert */; };
		30AE646624C9856D0076B1CA /* UITableView+Extensions.swift in Sources */ = {isa = PBXBuildFile; fileRef = 30AE646524C9856D0076B1CA /* UITableView+Extensions.swift */; };
		30D2977C24C845110080CC2C /* Endpoints.swift in Sources */ = {isa = PBXBuildFile; fileRef = 30D2977B24C845110080CC2C /* Endpoints.swift */; };
/* End PBXBuildFile section */

/* Begin PBXFileReference section */
		300D001224C6FC86005A0DD0 /* ProfileModel.swift */ = {isa = PBXFileReference; lastKnownFileType = sourcecode.swift; path = ProfileModel.swift; sourceTree = "<group>"; };
		300D001424C6FD21005A0DD0 /* APIError.swift */ = {isa = PBXFileReference; lastKnownFileType = sourcecode.swift; path = APIError.swift; sourceTree = "<group>"; };
		300D001624C70BF5005A0DD0 /* ProfileViewController.swift */ = {isa = PBXFileReference; lastKnownFileType = sourcecode.swift; path = ProfileViewController.swift; sourceTree = "<group>"; };
		300D001824C71254005A0DD0 /* TimeTableViewController.swift */ = {isa = PBXFileReference; lastKnownFileType = sourcecode.swift; path = TimeTableViewController.swift; sourceTree = "<group>"; };
		300D001A24C714E7005A0DD0 /* ClassTableViewCell.swift */ = {isa = PBXFileReference; lastKnownFileType = sourcecode.swift; path = ClassTableViewCell.swift; sourceTree = "<group>"; };
		300D001C24C71556005A0DD0 /* TimeTableModel.swift */ = {isa = PBXFileReference; lastKnownFileType = sourcecode.swift; path = TimeTableModel.swift; sourceTree = "<group>"; };
		300D001E24C78BA5005A0DD0 /* StartingViewController.swift */ = {isa = PBXFileReference; lastKnownFileType = sourcecode.swift; path = StartingViewController.swift; sourceTree = "<group>"; };
		300D002024C78F83005A0DD0 /* UIStoryboard+Extensions.swift */ = {isa = PBXFileReference; lastKnownFileType = sourcecode.swift; path = "UIStoryboard+Extensions.swift"; sourceTree = "<group>"; };
		300D002224C79448005A0DD0 /* TabBarController.swift */ = {isa = PBXFileReference; lastKnownFileType = sourcecode.swift; path = TabBarController.swift; sourceTree = "<group>"; };
		300D002424C79843005A0DD0 /* MarksModel.swift */ = {isa = PBXFileReference; lastKnownFileType = sourcecode.swift; path = MarksModel.swift; sourceTree = "<group>"; };
		300D002624C7998F005A0DD0 /* MarksViewController.swift */ = {isa = PBXFileReference; lastKnownFileType = sourcecode.swift; path = MarksViewController.swift; sourceTree = "<group>"; };
		300D002824C79AA0005A0DD0 /* MarksTableViewCell.swift */ = {isa = PBXFileReference; lastKnownFileType = sourcecode.swift; path = MarksTableViewCell.swift; sourceTree = "<group>"; };
		30139C5824F6482400982B2E /* GradeMarksTableViewCell.swift */ = {isa = PBXFileReference; lastKnownFileType = sourcecode.swift; path = GradeMarksTableViewCell.swift; sourceTree = "<group>"; };
		301602CF24CC48AD0023FED1 /* StatusViewController.swift */ = {isa = PBXFileReference; lastKnownFileType = sourcecode.swift; path = StatusViewController.swift; sourceTree = "<group>"; };
		301602D324CC4D950023FED1 /* GoogleService-Info.plist */ = {isa = PBXFileReference; fileEncoding = 4; lastKnownFileType = text.plist.xml; path = "GoogleService-Info.plist"; sourceTree = "<group>"; };
		302FB6DE24F24C4800B12E87 /* Toast.swift */ = {isa = PBXFileReference; lastKnownFileType = sourcecode.swift; path = Toast.swift; sourceTree = "<group>"; };
		302FB6E024F24C5900B12E87 /* Toast.xib */ = {isa = PBXFileReference; lastKnownFileType = file.xib; path = Toast.xib; sourceTree = "<group>"; };
		302FB6E224F250F600B12E87 /* Notifications.swift */ = {isa = PBXFileReference; lastKnownFileType = sourcecode.swift; path = Notifications.swift; sourceTree = "<group>"; };
		304D410724CCD33E00A6626F /* VIT.entitlements */ = {isa = PBXFileReference; lastKnownFileType = text.plist.entitlements; path = VIT.entitlements; sourceTree = "<group>"; };
		304D410824CCE14900A6626F /* UIViewController+Extensions.swift */ = {isa = PBXFileReference; lastKnownFileType = sourcecode.swift; path = "UIViewController+Extensions.swift"; sourceTree = "<group>"; };
		305EB7A824F514CD00C32474 /* GradeTableViewCell.swift */ = {isa = PBXFileReference; lastKnownFileType = sourcecode.swift; path = GradeTableViewCell.swift; sourceTree = "<group>"; };
		305EB7AA24F5152300C32474 /* DATableViewCell.swift */ = {isa = PBXFileReference; lastKnownFileType = sourcecode.swift; path = DATableViewCell.swift; sourceTree = "<group>"; };
		305EB7AC24F5158300C32474 /* DATableViewController.swift */ = {isa = PBXFileReference; lastKnownFileType = sourcecode.swift; path = DATableViewController.swift; sourceTree = "<group>"; };
		305EB7AE24F515EA00C32474 /* GradesTableViewController.swift */ = {isa = PBXFileReference; lastKnownFileType = sourcecode.swift; path = GradesTableViewController.swift; sourceTree = "<group>"; };
		305EB7B024F51C2100C32474 /* DAModel.swift */ = {isa = PBXFileReference; lastKnownFileType = sourcecode.swift; path = DAModel.swift; sourceTree = "<group>"; };
		305EB7B224F544AC00C32474 /* GradesModel.swift */ = {isa = PBXFileReference; lastKnownFileType = sourcecode.swift; path = GradesModel.swift; sourceTree = "<group>"; };
		305EB7B424F6406800C32474 /* GradeDetailTableViewController.swift */ = {isa = PBXFileReference; lastKnownFileType = sourcecode.swift; path = GradeDetailTableViewController.swift; sourceTree = "<group>"; };
		3064872524CE215F006001CD /* MarksDetailViewController.swift */ = {isa = PBXFileReference; lastKnownFileType = sourcecode.swift; path = MarksDetailViewController.swift; sourceTree = "<group>"; };
		307F03B124CCCD8D008EE044 /* OTPViewController.swift */ = {isa = PBXFileReference; lastKnownFileType = sourcecode.swift; path = OTPViewController.swift; sourceTree = "<group>"; };
		30840E1D24C6FBA200B172BB /* VIT.app */ = {isa = PBXFileReference; explicitFileType = wrapper.application; includeInIndex = 0; path = VIT.app; sourceTree = BUILT_PRODUCTS_DIR; };
		30840E2024C6FBA200B172BB /* AppDelegate.swift */ = {isa = PBXFileReference; lastKnownFileType = sourcecode.swift; path = AppDelegate.swift; sourceTree = "<group>"; };
		30840E2224C6FBA200B172BB /* SceneDelegate.swift */ = {isa = PBXFileReference; lastKnownFileType = sourcecode.swift; path = SceneDelegate.swift; sourceTree = "<group>"; };
		30840E2724C6FBA200B172BB /* Base */ = {isa = PBXFileReference; lastKnownFileType = file.storyboard; name = Base; path = Base.lproj/Main.storyboard; sourceTree = "<group>"; };
		30840E2924C6FBA400B172BB /* Assets.xcassets */ = {isa = PBXFileReference; lastKnownFileType = folder.assetcatalog; path = Assets.xcassets; sourceTree = "<group>"; };
		30840E2C24C6FBA400B172BB /* Base */ = {isa = PBXFileReference; lastKnownFileType = file.storyboard; name = Base; path = Base.lproj/LaunchScreen.storyboard; sourceTree = "<group>"; };
		30840E2E24C6FBA400B172BB /* Info.plist */ = {isa = PBXFileReference; lastKnownFileType = text.plist.xml; path = Info.plist; sourceTree = "<group>"; };
		30840E3424C6FBC100B172BB /* APIHandler.swift */ = {isa = PBXFileReference; lastKnownFileType = sourcecode.swift; path = APIHandler.swift; sourceTree = "<group>"; };
		30A15FD524F108F100CDBCB7 /* AttendanceTableViewController.swift */ = {isa = PBXFileReference; lastKnownFileType = sourcecode.swift; path = AttendanceTableViewController.swift; sourceTree = "<group>"; };
		30A15FD724F1091D00CDBCB7 /* AttendanceTableViewCell.swift */ = {isa = PBXFileReference; lastKnownFileType = sourcecode.swift; path = AttendanceTableViewCell.swift; sourceTree = "<group>"; };
		30AE646524C9856D0076B1CA /* UITableView+Extensions.swift */ = {isa = PBXFileReference; lastKnownFileType = sourcecode.swift; path = "UITableView+Extensions.swift"; sourceTree = "<group>"; };
		30D2977B24C845110080CC2C /* Endpoints.swift */ = {isa = PBXFileReference; lastKnownFileType = sourcecode.swift; path = Endpoints.swift; sourceTree = "<group>"; };
		6DDD8E131CC3AB0B67B50D7E /* Pods-VIT.debug.xcconfig */ = {isa = PBXFileReference; includeInIndex = 1; lastKnownFileType = text.xcconfig; name = "Pods-VIT.debug.xcconfig"; path = "Target Support Files/Pods-VIT/Pods-VIT.debug.xcconfig"; sourceTree = "<group>"; };
		B63EB9382464865A68B5808C /* Pods_VIT.framework */ = {isa = PBXFileReference; explicitFileType = wrapper.framework; includeInIndex = 0; path = Pods_VIT.framework; sourceTree = BUILT_PRODUCTS_DIR; };
		F830AE51EE398A1D8421D0C8 /* Pods-VIT.release.xcconfig */ = {isa = PBXFileReference; includeInIndex = 1; lastKnownFileType = text.xcconfig; name = "Pods-VIT.release.xcconfig"; path = "Target Support Files/Pods-VIT/Pods-VIT.release.xcconfig"; sourceTree = "<group>"; };
/* End PBXFileReference section */

/* Begin PBXFrameworksBuildPhase section */
		30840E1A24C6FBA200B172BB /* Frameworks */ = {
			isa = PBXFrameworksBuildPhase;
			buildActionMask = 2147483647;
			files = (
				30AE646424C981D60076B1CA /* SPAlert in Frameworks */,
				29864A4DA3B7CA06AB597BEC /* Pods_VIT.framework in Frameworks */,
			);
			runOnlyForDeploymentPostprocessing = 0;
		};
/* End PBXFrameworksBuildPhase section */

/* Begin PBXGroup section */
		307F03B324CCD0A9008EE044 /* ViewControllers */ = {
			isa = PBXGroup;
			children = (
				305EB7AC24F5158300C32474 /* DATableViewController.swift */,
				305EB7B424F6406800C32474 /* GradeDetailTableViewController.swift */,
				305EB7AE24F515EA00C32474 /* GradesTableViewController.swift */,
				307F03B124CCCD8D008EE044 /* OTPViewController.swift */,
				300D001E24C78BA5005A0DD0 /* StartingViewController.swift */,
				30A15FD524F108F100CDBCB7 /* AttendanceTableViewController.swift */,
				301602CF24CC48AD0023FED1 /* StatusViewController.swift */,
				300D001824C71254005A0DD0 /* TimeTableViewController.swift */,
				300D002624C7998F005A0DD0 /* MarksViewController.swift */,
				3064872524CE215F006001CD /* MarksDetailViewController.swift */,
				300D002224C79448005A0DD0 /* TabBarController.swift */,
				300D001624C70BF5005A0DD0 /* ProfileViewController.swift */,
			);
			path = ViewControllers;
			sourceTree = "<group>";
		};
		307F03B424CCD0B9008EE044 /* Utils */ = {
			isa = PBXGroup;
			children = (
				300D002024C78F83005A0DD0 /* UIStoryboard+Extensions.swift */,
				30AE646524C9856D0076B1CA /* UITableView+Extensions.swift */,
				304D410824CCE14900A6626F /* UIViewController+Extensions.swift */,
				302FB6E224F250F600B12E87 /* Notifications.swift */,
			);
			path = Utils;
			sourceTree = "<group>";
		};
		307F03B524CCD0C5008EE044 /* Views */ = {
			isa = PBXGroup;
			children = (
				30139C5824F6482400982B2E /* GradeMarksTableViewCell.swift */,
				30A15FD724F1091D00CDBCB7 /* AttendanceTableViewCell.swift */,
				300D001A24C714E7005A0DD0 /* ClassTableViewCell.swift */,
				300D002824C79AA0005A0DD0 /* MarksTableViewCell.swift */,
				302FB6DE24F24C4800B12E87 /* Toast.swift */,
				302FB6E024F24C5900B12E87 /* Toast.xib */,
				305EB7A824F514CD00C32474 /* GradeTableViewCell.swift */,
				305EB7AA24F5152300C32474 /* DATableViewCell.swift */,
			);
			path = Views;
			sourceTree = "<group>";
		};
		30840E1424C6FBA200B172BB = {
			isa = PBXGroup;
			children = (
				30840E3624C6FBC700B172BB /* VITKit */,
				30840E1F24C6FBA200B172BB /* VIT */,
				30840E1E24C6FBA200B172BB /* Products */,
				B0C88304E0A242DEDD204A38 /* Pods */,
				AA65C36E6FD22D18A760087C /* Frameworks */,
			);
			sourceTree = "<group>";
		};
		30840E1E24C6FBA200B172BB /* Products */ = {
			isa = PBXGroup;
			children = (
				30840E1D24C6FBA200B172BB /* VIT.app */,
			);
			name = Products;
			sourceTree = "<group>";
		};
		30840E1F24C6FBA200B172BB /* VIT */ = {
			isa = PBXGroup;
			children = (
				304D410724CCD33E00A6626F /* VIT.entitlements */,
				30840E2024C6FBA200B172BB /* AppDelegate.swift */,
				301602D324CC4D950023FED1 /* GoogleService-Info.plist */,
				30840E2224C6FBA200B172BB /* SceneDelegate.swift */,
				30840E2624C6FBA200B172BB /* Main.storyboard */,
				307F03B324CCD0A9008EE044 /* ViewControllers */,
				307F03B424CCD0B9008EE044 /* Utils */,
				307F03B524CCD0C5008EE044 /* Views */,
				30840E2924C6FBA400B172BB /* Assets.xcassets */,
				30840E2B24C6FBA400B172BB /* LaunchScreen.storyboard */,
				30840E2E24C6FBA400B172BB /* Info.plist */,
			);
			path = VIT;
			sourceTree = "<group>";
		};
		30840E3624C6FBC700B172BB /* VITKit */ = {
			isa = PBXGroup;
			children = (
				30840E3424C6FBC100B172BB /* APIHandler.swift */,
				30D2977B24C845110080CC2C /* Endpoints.swift */,
				300D001424C6FD21005A0DD0 /* APIError.swift */,
				300D001224C6FC86005A0DD0 /* ProfileModel.swift */,
				300D002424C79843005A0DD0 /* MarksModel.swift */,
				300D001C24C71556005A0DD0 /* TimeTableModel.swift */,
				305EB7B024F51C2100C32474 /* DAModel.swift */,
				305EB7B224F544AC00C32474 /* GradesModel.swift */,
			);
			path = VITKit;
			sourceTree = "<group>";
		};
		AA65C36E6FD22D18A760087C /* Frameworks */ = {
			isa = PBXGroup;
			children = (
				B63EB9382464865A68B5808C /* Pods_VIT.framework */,
			);
			name = Frameworks;
			sourceTree = "<group>";
		};
		B0C88304E0A242DEDD204A38 /* Pods */ = {
			isa = PBXGroup;
			children = (
				6DDD8E131CC3AB0B67B50D7E /* Pods-VIT.debug.xcconfig */,
				F830AE51EE398A1D8421D0C8 /* Pods-VIT.release.xcconfig */,
			);
			path = Pods;
			sourceTree = "<group>";
		};
/* End PBXGroup section */

/* Begin PBXNativeTarget section */
		30840E1C24C6FBA200B172BB /* VIT */ = {
			isa = PBXNativeTarget;
			buildConfigurationList = 30840E3124C6FBA400B172BB /* Build configuration list for PBXNativeTarget "VIT" */;
			buildPhases = (
				D4D5B44CE1EA7E87AE11C09B /* [CP] Check Pods Manifest.lock */,
				30840E1924C6FBA200B172BB /* Sources */,
				30840E1A24C6FBA200B172BB /* Frameworks */,
				30840E1B24C6FBA200B172BB /* Resources */,
				3080258F24CC3CC500003DCB /* ShellScript */,
				3207581EB9646707CE73A9A1 /* [CP] Embed Pods Frameworks */,
			);
			buildRules = (
			);
			dependencies = (
			);
			name = VIT;
			packageProductDependencies = (
				30AE646324C981D60076B1CA /* SPAlert */,
			);
			productName = VIT;
			productReference = 30840E1D24C6FBA200B172BB /* VIT.app */;
			productType = "com.apple.product-type.application";
		};
/* End PBXNativeTarget section */

/* Begin PBXProject section */
		30840E1524C6FBA200B172BB /* Project object */ = {
			isa = PBXProject;
			attributes = {
				LastSwiftUpdateCheck = 1200;
				LastUpgradeCheck = 1200;
				TargetAttributes = {
					30840E1C24C6FBA200B172BB = {
						CreatedOnToolsVersion = 12.0;
					};
				};
			};
			buildConfigurationList = 30840E1824C6FBA200B172BB /* Build configuration list for PBXProject "VIT" */;
			compatibilityVersion = "Xcode 9.3";
			developmentRegion = en;
			hasScannedForEncodings = 0;
			knownRegions = (
				en,
				Base,
			);
			mainGroup = 30840E1424C6FBA200B172BB;
			packageReferences = (
				30AE646224C981D60076B1CA /* XCRemoteSwiftPackageReference "SPAlert" */,
			);
			productRefGroup = 30840E1E24C6FBA200B172BB /* Products */;
			projectDirPath = "";
			projectRoot = "";
			targets = (
				30840E1C24C6FBA200B172BB /* VIT */,
			);
		};
/* End PBXProject section */

/* Begin PBXResourcesBuildPhase section */
		30840E1B24C6FBA200B172BB /* Resources */ = {
			isa = PBXResourcesBuildPhase;
			buildActionMask = 2147483647;
			files = (
				301602D424CC4D950023FED1 /* GoogleService-Info.plist in Resources */,
				30840E2D24C6FBA400B172BB /* LaunchScreen.storyboard in Resources */,
				302FB6E124F24C5900B12E87 /* Toast.xib in Resources */,
				30840E2A24C6FBA400B172BB /* Assets.xcassets in Resources */,
				30840E2824C6FBA200B172BB /* Main.storyboard in Resources */,
			);
			runOnlyForDeploymentPostprocessing = 0;
		};
/* End PBXResourcesBuildPhase section */

/* Begin PBXShellScriptBuildPhase section */
		3080258F24CC3CC500003DCB /* ShellScript */ = {
			isa = PBXShellScriptBuildPhase;
			buildActionMask = 8;
			files = (
			);
			inputFileListPaths = (
			);
			inputPaths = (
				"$(SRCROOT)/$(BUILT_PRODUCTS_DIR)/$(INFOPLIST_PATH)",
				"${DWARF_DSYM_FOLDER_PATH}/${DWARF_DSYM_FILE_NAME}/Contents/Resources/DWARF/${TARGET_NAME}",
			);
			outputFileListPaths = (
			);
			outputPaths = (
			);
			runOnlyForDeploymentPostprocessing = 1;
			shellPath = /bin/sh;
			shellScript = "# Type a script or drag a script file from your workspace to insert its path.\n\"${PODS_ROOT}/FirebaseCrashlytics/run\"\n";
		};
		3207581EB9646707CE73A9A1 /* [CP] Embed Pods Frameworks */ = {
			isa = PBXShellScriptBuildPhase;
			buildActionMask = 2147483647;
			files = (
			);
			inputFileListPaths = (
				"${PODS_ROOT}/Target Support Files/Pods-VIT/Pods-VIT-frameworks-${CONFIGURATION}-input-files.xcfilelist",
			);
			name = "[CP] Embed Pods Frameworks";
			outputFileListPaths = (
				"${PODS_ROOT}/Target Support Files/Pods-VIT/Pods-VIT-frameworks-${CONFIGURATION}-output-files.xcfilelist",
			);
			runOnlyForDeploymentPostprocessing = 0;
			shellPath = /bin/sh;
			shellScript = "\"${PODS_ROOT}/Target Support Files/Pods-VIT/Pods-VIT-frameworks.sh\"\n";
			showEnvVarsInLog = 0;
		};
		D4D5B44CE1EA7E87AE11C09B /* [CP] Check Pods Manifest.lock */ = {
			isa = PBXShellScriptBuildPhase;
			buildActionMask = 2147483647;
			files = (
			);
			inputFileListPaths = (
			);
			inputPaths = (
				"${PODS_PODFILE_DIR_PATH}/Podfile.lock",
				"${PODS_ROOT}/Manifest.lock",
			);
			name = "[CP] Check Pods Manifest.lock";
			outputFileListPaths = (
			);
			outputPaths = (
				"$(DERIVED_FILE_DIR)/Pods-VIT-checkManifestLockResult.txt",
			);
			runOnlyForDeploymentPostprocessing = 0;
			shellPath = /bin/sh;
			shellScript = "diff \"${PODS_PODFILE_DIR_PATH}/Podfile.lock\" \"${PODS_ROOT}/Manifest.lock\" > /dev/null\nif [ $? != 0 ] ; then\n    # print error to STDERR\n    echo \"error: The sandbox is not in sync with the Podfile.lock. Run 'pod install' or update your CocoaPods installation.\" >&2\n    exit 1\nfi\n# This output is used by Xcode 'outputs' to avoid re-running this script phase.\necho \"SUCCESS\" > \"${SCRIPT_OUTPUT_FILE_0}\"\n";
			showEnvVarsInLog = 0;
		};
/* End PBXShellScriptBuildPhase section */

/* Begin PBXSourcesBuildPhase section */
		30840E1924C6FBA200B172BB /* Sources */ = {
			isa = PBXSourcesBuildPhase;
			buildActionMask = 2147483647;
			files = (
				305EB7B324F544AC00C32474 /* GradesModel.swift in Sources */,
				300D002924C79AA0005A0DD0 /* MarksTableViewCell.swift in Sources */,
				302FB6DF24F24C4800B12E87 /* Toast.swift in Sources */,
				300D001924C71254005A0DD0 /* TimeTableViewController.swift in Sources */,
				30D2977C24C845110080CC2C /* Endpoints.swift in Sources */,
				305EB7AF24F515EA00C32474 /* GradesTableViewController.swift in Sources */,
				3064872624CE215F006001CD /* MarksDetailViewController.swift in Sources */,
				305EB7AB24F5152300C32474 /* DATableViewCell.swift in Sources */,
				300D001724C70BF5005A0DD0 /* ProfileViewController.swift in Sources */,
				300D001324C6FC86005A0DD0 /* ProfileModel.swift in Sources */,
				30840E2124C6FBA200B172BB /* AppDelegate.swift in Sources */,
				300D001F24C78BA6005A0DD0 /* StartingViewController.swift in Sources */,
				305EB7A924F514CD00C32474 /* GradeTableViewCell.swift in Sources */,
				300D001D24C71556005A0DD0 /* TimeTableModel.swift in Sources */,
				300D001B24C714E7005A0DD0 /* ClassTableViewCell.swift in Sources */,
				305EB7B124F51C2100C32474 /* DAModel.swift in Sources */,
				30A15FD624F108F100CDBCB7 /* AttendanceTableViewController.swift in Sources */,
				305EB7AD24F5158300C32474 /* DATableViewController.swift in Sources */,
				30A15FD824F1091D00CDBCB7 /* AttendanceTableViewCell.swift in Sources */,
				30AE646624C9856D0076B1CA /* UITableView+Extensions.swift in Sources */,
				30840E2324C6FBA200B172BB /* SceneDelegate.swift in Sources */,
				302FB6E324F250F600B12E87 /* Notifications.swift in Sources */,
				307F03B224CCCD8D008EE044 /* OTPViewController.swift in Sources */,
				304D410924CCE14900A6626F /* UIViewController+Extensions.swift in Sources */,
				30840E3524C6FBC100B172BB /* APIHandler.swift in Sources */,
				300D002324C79448005A0DD0 /* TabBarController.swift in Sources */,
				300D002124C78F83005A0DD0 /* UIStoryboard+Extensions.swift in Sources */,
				300D002724C7998F005A0DD0 /* MarksViewController.swift in Sources */,
				30139C5924F6482400982B2E /* GradeMarksTableViewCell.swift in Sources */,
				305EB7B524F6406800C32474 /* GradeDetailTableViewController.swift in Sources */,
				300D002524C79843005A0DD0 /* MarksModel.swift in Sources */,
				301602D024CC48AD0023FED1 /* StatusViewController.swift in Sources */,
				300D001524C6FD21005A0DD0 /* APIError.swift in Sources */,
			);
			runOnlyForDeploymentPostprocessing = 0;
		};
/* End PBXSourcesBuildPhase section */

/* Begin PBXVariantGroup section */
		30840E2624C6FBA200B172BB /* Main.storyboard */ = {
			isa = PBXVariantGroup;
			children = (
				30840E2724C6FBA200B172BB /* Base */,
			);
			name = Main.storyboard;
			sourceTree = "<group>";
		};
		30840E2B24C6FBA400B172BB /* LaunchScreen.storyboard */ = {
			isa = PBXVariantGroup;
			children = (
				30840E2C24C6FBA400B172BB /* Base */,
			);
			name = LaunchScreen.storyboard;
			sourceTree = "<group>";
		};
/* End PBXVariantGroup section */

/* Begin XCBuildConfiguration section */
		30840E2F24C6FBA400B172BB /* Debug */ = {
			isa = XCBuildConfiguration;
			buildSettings = {
				ALWAYS_SEARCH_USER_PATHS = NO;
				CLANG_ANALYZER_NONNULL = YES;
				CLANG_ANALYZER_NUMBER_OBJECT_CONVERSION = YES_AGGRESSIVE;
				CLANG_CXX_LANGUAGE_STANDARD = "gnu++14";
				CLANG_CXX_LIBRARY = "libc++";
				CLANG_ENABLE_MODULES = YES;
				CLANG_ENABLE_OBJC_ARC = YES;
				CLANG_ENABLE_OBJC_WEAK = YES;
				CLANG_WARN_BLOCK_CAPTURE_AUTORELEASING = YES;
				CLANG_WARN_BOOL_CONVERSION = YES;
				CLANG_WARN_COMMA = YES;
				CLANG_WARN_CONSTANT_CONVERSION = YES;
				CLANG_WARN_DEPRECATED_OBJC_IMPLEMENTATIONS = YES;
				CLANG_WARN_DIRECT_OBJC_ISA_USAGE = YES_ERROR;
				CLANG_WARN_DOCUMENTATION_COMMENTS = YES;
				CLANG_WARN_EMPTY_BODY = YES;
				CLANG_WARN_ENUM_CONVERSION = YES;
				CLANG_WARN_INFINITE_RECURSION = YES;
				CLANG_WARN_INT_CONVERSION = YES;
				CLANG_WARN_NON_LITERAL_NULL_CONVERSION = YES;
				CLANG_WARN_OBJC_IMPLICIT_RETAIN_SELF = YES;
				CLANG_WARN_OBJC_LITERAL_CONVERSION = YES;
				CLANG_WARN_OBJC_ROOT_CLASS = YES_ERROR;
				CLANG_WARN_QUOTED_INCLUDE_IN_FRAMEWORK_HEADER = YES;
				CLANG_WARN_RANGE_LOOP_ANALYSIS = YES;
				CLANG_WARN_STRICT_PROTOTYPES = YES;
				CLANG_WARN_SUSPICIOUS_MOVE = YES;
				CLANG_WARN_UNGUARDED_AVAILABILITY = YES_AGGRESSIVE;
				CLANG_WARN_UNREACHABLE_CODE = YES;
				CLANG_WARN__DUPLICATE_METHOD_MATCH = YES;
				COPY_PHASE_STRIP = NO;
				DEBUG_INFORMATION_FORMAT = dwarf;
				ENABLE_STRICT_OBJC_MSGSEND = YES;
				ENABLE_TESTABILITY = YES;
				GCC_C_LANGUAGE_STANDARD = gnu11;
				GCC_DYNAMIC_NO_PIC = NO;
				GCC_NO_COMMON_BLOCKS = YES;
				GCC_OPTIMIZATION_LEVEL = 0;
				GCC_PREPROCESSOR_DEFINITIONS = (
					"DEBUG=1",
					"$(inherited)",
				);
				GCC_WARN_64_TO_32_BIT_CONVERSION = YES;
				GCC_WARN_ABOUT_RETURN_TYPE = YES_ERROR;
				GCC_WARN_UNDECLARED_SELECTOR = YES;
				GCC_WARN_UNINITIALIZED_AUTOS = YES_AGGRESSIVE;
				GCC_WARN_UNUSED_FUNCTION = YES;
				GCC_WARN_UNUSED_VARIABLE = YES;
				IPHONEOS_DEPLOYMENT_TARGET = 14.0;
				MTL_ENABLE_DEBUG_INFO = INCLUDE_SOURCE;
				MTL_FAST_MATH = YES;
				ONLY_ACTIVE_ARCH = YES;
				SDKROOT = iphoneos;
				SWIFT_ACTIVE_COMPILATION_CONDITIONS = DEBUG;
				SWIFT_OPTIMIZATION_LEVEL = "-Onone";
			};
			name = Debug;
		};
		30840E3024C6FBA400B172BB /* Release */ = {
			isa = XCBuildConfiguration;
			buildSettings = {
				ALWAYS_SEARCH_USER_PATHS = NO;
				CLANG_ANALYZER_NONNULL = YES;
				CLANG_ANALYZER_NUMBER_OBJECT_CONVERSION = YES_AGGRESSIVE;
				CLANG_CXX_LANGUAGE_STANDARD = "gnu++14";
				CLANG_CXX_LIBRARY = "libc++";
				CLANG_ENABLE_MODULES = YES;
				CLANG_ENABLE_OBJC_ARC = YES;
				CLANG_ENABLE_OBJC_WEAK = YES;
				CLANG_WARN_BLOCK_CAPTURE_AUTORELEASING = YES;
				CLANG_WARN_BOOL_CONVERSION = YES;
				CLANG_WARN_COMMA = YES;
				CLANG_WARN_CONSTANT_CONVERSION = YES;
				CLANG_WARN_DEPRECATED_OBJC_IMPLEMENTATIONS = YES;
				CLANG_WARN_DIRECT_OBJC_ISA_USAGE = YES_ERROR;
				CLANG_WARN_DOCUMENTATION_COMMENTS = YES;
				CLANG_WARN_EMPTY_BODY = YES;
				CLANG_WARN_ENUM_CONVERSION = YES;
				CLANG_WARN_INFINITE_RECURSION = YES;
				CLANG_WARN_INT_CONVERSION = YES;
				CLANG_WARN_NON_LITERAL_NULL_CONVERSION = YES;
				CLANG_WARN_OBJC_IMPLICIT_RETAIN_SELF = YES;
				CLANG_WARN_OBJC_LITERAL_CONVERSION = YES;
				CLANG_WARN_OBJC_ROOT_CLASS = YES_ERROR;
				CLANG_WARN_QUOTED_INCLUDE_IN_FRAMEWORK_HEADER = YES;
				CLANG_WARN_RANGE_LOOP_ANALYSIS = YES;
				CLANG_WARN_STRICT_PROTOTYPES = YES;
				CLANG_WARN_SUSPICIOUS_MOVE = YES;
				CLANG_WARN_UNGUARDED_AVAILABILITY = YES_AGGRESSIVE;
				CLANG_WARN_UNREACHABLE_CODE = YES;
				CLANG_WARN__DUPLICATE_METHOD_MATCH = YES;
				COPY_PHASE_STRIP = NO;
				DEBUG_INFORMATION_FORMAT = "dwarf-with-dsym";
				ENABLE_NS_ASSERTIONS = NO;
				ENABLE_STRICT_OBJC_MSGSEND = YES;
				GCC_C_LANGUAGE_STANDARD = gnu11;
				GCC_NO_COMMON_BLOCKS = YES;
				GCC_WARN_64_TO_32_BIT_CONVERSION = YES;
				GCC_WARN_ABOUT_RETURN_TYPE = YES_ERROR;
				GCC_WARN_UNDECLARED_SELECTOR = YES;
				GCC_WARN_UNINITIALIZED_AUTOS = YES_AGGRESSIVE;
				GCC_WARN_UNUSED_FUNCTION = YES;
				GCC_WARN_UNUSED_VARIABLE = YES;
				IPHONEOS_DEPLOYMENT_TARGET = 14.0;
				MTL_ENABLE_DEBUG_INFO = NO;
				MTL_FAST_MATH = YES;
				SDKROOT = iphoneos;
				SWIFT_COMPILATION_MODE = wholemodule;
				SWIFT_OPTIMIZATION_LEVEL = "-O";
				VALIDATE_PRODUCT = YES;
			};
			name = Release;
		};
		30840E3224C6FBA400B172BB /* Debug */ = {
			isa = XCBuildConfiguration;
			baseConfigurationReference = 6DDD8E131CC3AB0B67B50D7E /* Pods-VIT.debug.xcconfig */;
			buildSettings = {
				ASSETCATALOG_COMPILER_APPICON_NAME = AppIcon;
				ASSETCATALOG_COMPILER_GLOBAL_ACCENT_COLOR_NAME = AccentColor;
				CODE_SIGN_ENTITLEMENTS = VIT/VIT.entitlements;
				CODE_SIGN_STYLE = Automatic;
				CURRENT_PROJECT_VERSION = 15;
				DEBUG_INFORMATION_FORMAT = "dwarf-with-dsym";
				DEVELOPMENT_TEAM = 2J3WW2KWBU;
				INFOPLIST_FILE = VIT/Info.plist;
				LD_RUNPATH_SEARCH_PATHS = (
					"$(inherited)",
					"@executable_path/Frameworks",
				);
				MARKETING_VERSION = 1.0.11;
				PRODUCT_BUNDLE_IDENTIFIER = com.aritropaul.VIT;
				PRODUCT_NAME = "$(TARGET_NAME)";
				SWIFT_VERSION = 5.0;
				TARGETED_DEVICE_FAMILY = 1;
			};
			name = Debug;
		};
		30840E3324C6FBA400B172BB /* Release */ = {
			isa = XCBuildConfiguration;
			baseConfigurationReference = F830AE51EE398A1D8421D0C8 /* Pods-VIT.release.xcconfig */;
			buildSettings = {
				ASSETCATALOG_COMPILER_APPICON_NAME = AppIcon;
				ASSETCATALOG_COMPILER_GLOBAL_ACCENT_COLOR_NAME = AccentColor;
				CODE_SIGN_ENTITLEMENTS = VIT/VIT.entitlements;
				CODE_SIGN_STYLE = Automatic;
				CURRENT_PROJECT_VERSION = 15;
				DEVELOPMENT_TEAM = 2J3WW2KWBU;
				INFOPLIST_FILE = VIT/Info.plist;
				LD_RUNPATH_SEARCH_PATHS = (
					"$(inherited)",
					"@executable_path/Frameworks",
				);
				MARKETING_VERSION = 1.0.11;
				PRODUCT_BUNDLE_IDENTIFIER = com.aritropaul.VIT;
				PRODUCT_NAME = "$(TARGET_NAME)";
				SWIFT_VERSION = 5.0;
				TARGETED_DEVICE_FAMILY = 1;
			};
			name = Release;
		};
/* End XCBuildConfiguration section */

/* Begin XCConfigurationList section */
		30840E1824C6FBA200B172BB /* Build configuration list for PBXProject "VIT" */ = {
			isa = XCConfigurationList;
			buildConfigurations = (
				30840E2F24C6FBA400B172BB /* Debug */,
				30840E3024C6FBA400B172BB /* Release */,
			);
			defaultConfigurationIsVisible = 0;
			defaultConfigurationName = Release;
		};
		30840E3124C6FBA400B172BB /* Build configuration list for PBXNativeTarget "VIT" */ = {
			isa = XCConfigurationList;
			buildConfigurations = (
				30840E3224C6FBA400B172BB /* Debug */,
				30840E3324C6FBA400B172BB /* Release */,
			);
			defaultConfigurationIsVisible = 0;
			defaultConfigurationName = Release;
		};
/* End XCConfigurationList section */

/* Begin XCRemoteSwiftPackageReference section */
		30AE646224C981D60076B1CA /* XCRemoteSwiftPackageReference "SPAlert" */ = {
			isa = XCRemoteSwiftPackageReference;
			repositoryURL = "https://github.com/ivanvorobei/SPAlert";
			requirement = {
				kind = upToNextMajorVersion;
				minimumVersion = 2.1.4;
			};
		};
/* End XCRemoteSwiftPackageReference section */

/* Begin XCSwiftPackageProductDependency section */
		30AE646324C981D60076B1CA /* SPAlert */ = {
			isa = XCSwiftPackageProductDependency;
			package = 30AE646224C981D60076B1CA /* XCRemoteSwiftPackageReference "SPAlert" */;
			productName = SPAlert;
		};
/* End XCSwiftPackageProductDependency section */
	};
	rootObject = 30840E1524C6FBA200B172BB /* Project object */;
}
